
Microsoft Visual Studio Solution File, Format Version 12.00
# Visual Studio Version 17
VisualStudioVersion = 17.11.35327.3
MinimumVisualStudioVersion = 10.0.40219.1
Project("{FAE04EC0-301F-11D3-BF4B-00C04F79EFBC}") = "DidactCli", "DidactCli\DidactCli.csproj", "{E742AAB6-292F-4DEE-B8E8-5ADF0400FB29}"
EndProject
Global
	GlobalSection(SolutionConfigurationPlatforms) = preSolution
		Debug|Any CPU = Debug|Any CPU
		Release|Any CPU = Release|Any CPU
	EndGlobalSection
	GlobalSection(ProjectConfigurationPlatforms) = postSolution
		{E742AAB6-292F-4DEE-B8E8-5ADF0400FB29}.Debug|Any CPU.ActiveCfg = Debug|Any CPU
		{E742AAB6-292F-4DEE-B8E8-5ADF0400FB29}.Debug|Any CPU.Build.0 = Debug|Any CPU
		{E742AAB6-292F-4DEE-B8E8-5ADF0400FB29}.Release|Any CPU.ActiveCfg = Release|Any CPU
		{E742AAB6-292F-4DEE-B8E8-5ADF0400FB29}.Release|Any CPU.Build.0 = Release|Any CPU
	EndGlobalSection
	GlobalSection(SolutionProperties) = preSolution
		HideSolutionNode = FALSE
	EndGlobalSection
	GlobalSection(ExtensibilityGlobals) = postSolution
		SolutionGuid = {6F622375-7997-475F-81D5-63CB14D44FBA}
	EndGlobalSection
EndGlobal
